
Microsoft Visual Studio Solution File, Format Version 12.00
# Visual Studio Version 17
VisualStudioVersion = 17.2.32519.379
MinimumVisualStudioVersion = 10.0.40219.1
Project("{FAE04EC0-301F-11D3-BF4B-00C04F79EFBC}") = "SnakeAndLadderProblem", "SnakeAndLadderProblem\SnakeAndLadderProblem.csproj", "{343083C4-BB70-4206-A2B1-81B038909781}"
EndProject
Global
	GlobalSection(SolutionConfigurationPlatforms) = preSolution
		Debug|Any CPU = Debug|Any CPU
		Release|Any CPU = Release|Any CPU
	EndGlobalSection
	GlobalSection(ProjectConfigurationPlatforms) = postSolution
		{343083C4-BB70-4206-A2B1-81B038909781}.Debug|Any CPU.ActiveCfg = Debug|Any CPU
		{343083C4-BB70-4206-A2B1-81B038909781}.Debug|Any CPU.Build.0 = Debug|Any CPU
		{343083C4-BB70-4206-A2B1-81B038909781}.Release|Any CPU.ActiveCfg = Release|Any CPU
		{343083C4-BB70-4206-A2B1-81B038909781}.Release|Any CPU.Build.0 = Release|Any CPU
	EndGlobalSection
	GlobalSection(SolutionProperties) = preSolution
		HideSolutionNode = FALSE
	EndGlobalSection
	GlobalSection(ExtensibilityGlobals) = postSolution
		SolutionGuid = {1D18DF21-1756-43B7-AE84-E2EBF00F12DE}
	EndGlobalSection
EndGlobal
